{
  "name": "assets",
  "version": "1.0.0",
  "lockfileVersion": 1,
  "requires": true,
  "dependencies": {
    "@kurkle/color": {
      "version": "0.3.2",
      "resolved": "https://registry.npmjs.org/@kurkle/color/-/color-0.3.2.tgz",
      "integrity": "sha512-fuscdXJ9G1qb7W8VdHi+IwRqij3lBkosAm4ydQtEmbY58OzHXqQhvlxqEkoz0yssNVn38bcpRWgA9PP+OGoisw=="
    },
    "bootstrap": {
      "version": "5.2.3",
      "resolved": "https://registry.npmjs.org/bootstrap/-/bootstrap-5.2.3.tgz",
      "integrity": "sha512-cEKPM+fwb3cT8NzQZYEu4HilJ3anCrWqh3CHAok1p9jXqMPsPTBhU25fBckEJHJ/p+tTxTFTsFQGM+gaHpi3QQ=="
    },
    "chart.js": {
      "version": "4.1.2",
      "resolved": "https://registry.npmjs.org/chart.js/-/chart.js-4.1.2.tgz",
      "integrity": "sha512-9L1w6WLPq6ztiWVVOYtDtpo0CUsBKDWPrUEdwChAyzczaikqeSwNKEv3QpJ7EO4ICcLSi6UDVhgvcnUhRJidRA==",
      "requires": {
        "@kurkle/color": "^0.3.0"
      }
    }
  }
}
